// !$*UTF8*$!
{
	archiveVersion = 1;
	classes = {
	};
	objectVersion = 46;
	objects = {

/* Begin PBXBuildFile section */
		CC92EA151F0FE27E009D5CAF /* main.m in Sources */ = {isa = PBXBuildFile; fileRef = CC92EA141F0FE27E009D5CAF /* main.m */; };
		CC92EA181F0FE27E009D5CAF /* AppDelegate.m in Sources */ = {isa = PBXBuildFile; fileRef = CC92EA171F0FE27E009D5CAF /* AppDelegate.m */; };
		CC92EA1E1F0FE27E009D5CAF /* Main.storyboard in Resources */ = {isa = PBXBuildFile; fileRef = CC92EA1C1F0FE27E009D5CAF /* Main.storyboard */; };
		CC92EA201F0FE27E009D5CAF /* Assets.xcassets in Resources */ = {isa = PBXBuildFile; fileRef = CC92EA1F1F0FE27E009D5CAF /* Assets.xcassets */; };
		CC92EA231F0FE27E009D5CAF /* LaunchScreen.storyboard in Resources */ = {isa = PBXBuildFile; fileRef = CC92EA211F0FE27E009D5CAF /* LaunchScreen.storyboard */; };
		CC92EA2C1F0FE42B009D5CAF /* MyNavController.m in Sources */ = {isa = PBXBuildFile; fileRef = CC92EA2B1F0FE42B009D5CAF /* MyNavController.m */; };
/* End PBXBuildFile section */

/* Begin PBXFileReference section */
		CC92EA101F0FE27E009D5CAF /* TrainTVNavigationAndCustomCell.app */ = {isa = PBXFileReference; explicitFileType = wrapper.application; includeInIndex = 0; path = TrainTVNavigationAndCustomCell.app; sourceTree = BUILT_PRODUCTS_DIR; };
		CC92EA141F0FE27E009D5CAF /* main.m */ = {isa = PBXFileReference; lastKnownFileType = sourcecode.c.objc; path = main.m; sourceTree = "<group>"; };
		CC92EA161F0FE27E009D5CAF /* AppDelegate.h */ = {isa = PBXFileReference; lastKnownFileType = sourcecode.c.h; path = AppDelegate.h; sourceTree = "<group>"; };
		CC92EA171F0FE27E009D5CAF /* AppDelegate.m */ = {isa = PBXFileReference; lastKnownFileType = sourcecode.c.objc; path = AppDelegate.m; sourceTree = "<group>"; };
		CC92EA1D1F0FE27E009D5CAF /* Base */ = {isa = PBXFileReference; lastKnownFileType = file.storyboard; name = Base; path = Base.lproj/Main.storyboard; sourceTree = "<group>"; };
		CC92EA1F1F0FE27E009D5CAF /* Assets.xcassets */ = {isa = PBXFileReference; lastKnownFileType = folder.assetcatalog; path = Assets.xcassets; sourceTree = "<group>"; };
		CC92EA221F0FE27E009D5CAF /* Base */ = {isa = PBXFileReference; lastKnownFileType = file.storyboard; name = Base; path = Base.lproj/LaunchScreen.storyboard; sourceTree = "<group>"; };
		CC92EA241F0FE27E009D5CAF /* Info.plist */ = {isa = PBXFileReference; lastKnownFileType = text.plist.xml; path = Info.plist; sourceTree = "<group>"; };
		CC92EA2A1F0FE42B009D5CAF /* MyNavController.h */ = {isa = PBXFileReference; fileEncoding = 4; lastKnownFileType = sourcecode.c.h; name = MyNavController.h; path = ../MyNavController.h; sourceTree = "<group>"; };
		CC92EA2B1F0FE42B009D5CAF /* MyNavController.m */ = {isa = PBXFileReference; fileEncoding = 4; lastKnownFileType = sourcecode.c.objc; name = MyNavController.m; path = ../MyNavController.m; sourceTree = "<group>"; };
/* End PBXFileReference section */

/* Begin PBXFrameworksBuildPhase section */
		CC92EA0D1F0FE27D009D5CAF /* Frameworks */ = {
			isa = PBXFrameworksBuildPhase;
			buildActionMask = 2147483647;
			files = (
			);
			runOnlyForDeploymentPostprocessing = 0;
		};
/* End PBXFrameworksBuildPhase section */

/* Begin PBXGroup section */
		CC92EA071F0FE27D009D5CAF = {
			isa = PBXGroup;
			children = (
				CC92EA121F0FE27E009D5CAF /* TrainTVNavigationAndCustomCell */,
				CC92EA111F0FE27E009D5CAF /* Products */,
			);
			sourceTree = "<group>";
		};
		CC92EA111F0FE27E009D5CAF /* Products */ = {
			isa = PBXGroup;
			children = (
				CC92EA101F0FE27E009D5CAF /* TrainTVNavigationAndCustomCell.app */,
			);
			name = Products;
			sourceTree = "<group>";
		};
		CC92EA121F0FE27E009D5CAF /* TrainTVNavigationAndCustomCell */ = {
			isa = PBXGroup;
			children = (
				CC92EA161F0FE27E009D5CAF /* AppDelegate.h */,
				CC92EA171F0FE27E009D5CAF /* AppDelegate.m */,
				CC92EA2A1F0FE42B009D5CAF /* MyNavController.h */,
				CC92EA2B1F0FE42B009D5CAF /* MyNavController.m */,
				CC92EA1C1F0FE27E009D5CAF /* Main.storyboard */,
				CC92EA1F1F0FE27E009D5CAF /* Assets.xcassets */,
				CC92EA211F0FE27E009D5CAF /* LaunchScreen.storyboard */,
				CC92EA241F0FE27E009D5CAF /* Info.plist */,
				CC92EA131F0FE27E009D5CAF /* Supporting Files */,
			);
			path = TrainTVNavigationAndCustomCell;
			sourceTree = "<group>";
		};
		CC92EA131F0FE27E009D5CAF /* Supporting Files */ = {
			isa = PBXGroup;
			children = (
				CC92EA141F0FE27E009D5CAF /* main.m */,
			);
			name = "Supporting Files";
			sourceTree = "<group>";
		};
/* End PBXGroup section */

/* Begin PBXNativeTarget section */
		CC92EA0F1F0FE27D009D5CAF /* TrainTVNavigationAndCustomCell */ = {
			isa = PBXNativeTarget;
			buildConfigurationList = CC92EA271F0FE27E009D5CAF /* Build configuration list for PBXNativeTarget "TrainTVNavigationAndCustomCell" */;
			buildPhases = (
				CC92EA0C1F0FE27D009D5CAF /* Sources */,
				CC92EA0D1F0FE27D009D5CAF /* Frameworks */,
				CC92EA0E1F0FE27D009D5CAF /* Resources */,
			);
			buildRules = (
			);
			dependencies = (
			);
			name = TrainTVNavigationAndCustomCell;
			productName = TrainTVNavigationAndCustomCell;
			productReference = CC92EA101F0FE27E009D5CAF /* TrainTVNavigationAndCustomCell.app */;
			productType = "com.apple.product-type.application";
		};
/* End PBXNativeTarget section */

/* Begin PBXProject section */
		CC92EA081F0FE27D009D5CAF /* Project object */ = {
			isa = PBXProject;
			attributes = {
				LastUpgradeCheck = 0830;
				ORGANIZATIONNAME = "Yura Mumryak";
				TargetAttributes = {
					CC92EA0F1F0FE27D009D5CAF = {
						CreatedOnToolsVersion = 8.3.3;
						DevelopmentTeam = CCXM6688V9;
						ProvisioningStyle = Automatic;
					};
				};
			};
			buildConfigurationList = CC92EA0B1F0FE27D009D5CAF /* Build configuration list for PBXProject "TrainTVNavigationAndCustomCell" */;
			compatibilityVersion = "Xcode 3.2";
			developmentRegion = English;
			hasScannedForEncodings = 0;
			knownRegions = (
				en,
				Base,
			);
			mainGroup = CC92EA071F0FE27D009D5CAF;
			productRefGroup = CC92EA111F0FE27E009D5CAF /* Products */;
			projectDirPath = "";
			projectRoot = "";
			targets = (
				CC92EA0F1F0FE27D009D5CAF /* TrainTVNavigationAndCustomCell */,
			);
		};
/* End PBXProject section */

/* Begin PBXResourcesBuildPhase section */
		CC92EA0E1F0FE27D009D5CAF /* Resources */ = {
			isa = PBXResourcesBuildPhase;
			buildActionMask = 2147483647;
			files = (
				CC92EA231F0FE27E009D5CAF /* LaunchScreen.storyboard in Resources */,
				CC92EA201F0FE27E009D5CAF /* Assets.xcassets in Resources */,
				CC92EA1E1F0FE27E009D5CAF /* Main.storyboard in Resources */,
			);
			runOnlyForDeploymentPostprocessing = 0;
		};
/* End PBXResourcesBuildPhase section */

/* Begin PBXSourcesBuildPhase section */
		CC92EA0C1F0FE27D009D5CAF /* Sources */ = {
			isa = PBXSourcesBuildPhase;
			buildActionMask = 2147483647;
			files = (
				CC92EA181F0FE27E009D5CAF /* AppDelegate.m in Sources */,
				CC92EA2C1F0FE42B009D5CAF /* MyNavController.m in Sources */,
				CC92EA151F0FE27E009D5CAF /* main.m in Sources */,
			);
			runOnlyForDeploymentPostprocessing = 0;
		};
/* End PBXSourcesBuildPhase section */

/* Begin PBXVariantGroup section */
		CC92EA1C1F0FE27E009D5CAF /* Main.storyboard */ = {
			isa = PBXVariantGroup;
			children = (
				CC92EA1D1F0FE27E009D5CAF /* Base */,
			);
			name = Main.storyboard;
			sourceTree = "<group>";
		};
		CC92EA211F0FE27E009D5CAF /* LaunchScreen.storyboard */ = {
			isa = PBXVariantGroup;
			children = (
				CC92EA221F0FE27E009D5CAF /* Base */,
			);
			name = LaunchScreen.storyboard;
			sourceTree = "<group>";
		};
/* End PBXVariantGroup section */

/* Begin XCBuildConfiguration section */
		CC92EA251F0FE27E009D5CAF /* Debug */ = {
			isa = XCBuildConfiguration;
			buildSettings = {
				ALWAYS_SEARCH_USER_PATHS = NO;
				CLANG_ANALYZER_NONNULL = YES;
				CLANG_ANALYZER_NUMBER_OBJECT_CONVERSION = YES_AGGRESSIVE;
				CLANG_CXX_LANGUAGE_STANDARD = "gnu++0x";
				CLANG_CXX_LIBRARY = "libc++";
				CLANG_ENABLE_MODULES = YES;
				CLANG_ENABLE_OBJC_ARC = YES;
				CLANG_WARN_BOOL_CONVERSION = YES;
				CLANG_WARN_CONSTANT_CONVERSION = YES;
				CLANG_WARN_DIRECT_OBJC_ISA_USAGE = YES_ERROR;
				CLANG_WARN_DOCUMENTATION_COMMENTS = YES;
				CLANG_WARN_EMPTY_BODY = YES;
				CLANG_WARN_ENUM_CONVERSION = YES;
				CLANG_WARN_INFINITE_RECURSION = YES;
				CLANG_WARN_INT_CONVERSION = YES;
				CLANG_WARN_OBJC_ROOT_CLASS = YES_ERROR;
				CLANG_WARN_SUSPICIOUS_MOVE = YES;
				CLANG_WARN_UNREACHABLE_CODE = YES;
				CLANG_WARN__DUPLICATE_METHOD_MATCH = YES;
				"CODE_SIGN_IDENTITY[sdk=iphoneos*]" = "iPhone Developer";
				COPY_PHASE_STRIP = NO;
				DEBUG_INFORMATION_FORMAT = dwarf;
				ENABLE_STRICT_OBJC_MSGSEND = YES;
				ENABLE_TESTABILITY = YES;
				GCC_C_LANGUAGE_STANDARD = gnu99;
				GCC_DYNAMIC_NO_PIC = NO;
				GCC_NO_COMMON_BLOCKS = YES;
				GCC_OPTIMIZATION_LEVEL = 0;
				GCC_PREPROCESSOR_DEFINITIONS = (
					"DEBUG=1",
					"$(inherited)",
				);
				GCC_WARN_64_TO_32_BIT_CONVERSION = YES;
				GCC_WARN_ABOUT_RETURN_TYPE = YES_ERROR;
				GCC_WARN_UNDECLARED_SELECTOR = YES;
				GCC_WARN_UNINITIALIZED_AUTOS = YES_AGGRESSIVE;
				GCC_WARN_UNUSED_FUNCTION = YES;
				GCC_WARN_UNUSED_VARIABLE = YES;
				IPHONEOS_DEPLOYMENT_TARGET = 10.3;
				MTL_ENABLE_DEBUG_INFO = YES;
				ONLY_ACTIVE_ARCH = YES;
				SDKROOT = iphoneos;
			};
			name = Debug;
		};
		CC92EA261F0FE27E009D5CAF /* Release */ = {
			isa = XCBuildConfiguration;
			buildSettings = {
				ALWAYS_SEARCH_USER_PATHS = NO;
				CLANG_ANALYZER_NONNULL = YES;
				CLANG_ANALYZER_NUMBER_OBJECT_CONVERSION = YES_AGGRESSIVE;
				CLANG_CXX_LANGUAGE_STANDARD = "gnu++0x";
				CLANG_CXX_LIBRARY = "libc++";
				CLANG_ENABLE_MODULES = YES;
				CLANG_ENABLE_OBJC_ARC = YES;
				CLANG_WARN_BOOL_CONVERSION = YES;
				CLANG_WARN_CONSTANT_CONVERSION = YES;
				CLANG_WARN_DIRECT_OBJC_ISA_USAGE = YES_ERROR;
				CLANG_WARN_DOCUMENTATION_COMMENTS = YES;
				CLANG_WARN_EMPTY_BODY = YES;
				CLANG_WARN_ENUM_CONVERSION = YES;
				CLANG_WARN_INFINITE_RECURSION = YES;
				CLANG_WARN_INT_CONVERSION = YES;
				CLANG_WARN_OBJC_ROOT_CLASS = YES_ERROR;
				CLANG_WARN_SUSPICIOUS_MOVE = YES;
				CLANG_WARN_UNREACHABLE_CODE = YES;
				CLANG_WARN__DUPLICATE_METHOD_MATCH = YES;
				"CODE_SIGN_IDENTITY[sdk=iphoneos*]" = "iPhone Developer";
				COPY_PHASE_STRIP = NO;
				DEBUG_INFORMATION_FORMAT = "dwarf-with-dsym";
				ENABLE_NS_ASSERTIONS = NO;
				ENABLE_STRICT_OBJC_MSGSEND = YES;
				GCC_C_LANGUAGE_STANDARD = gnu99;
				GCC_NO_COMMON_BLOCKS = YES;
				GCC_WARN_64_TO_32_BIT_CONVERSION = YES;
				GCC_WARN_ABOUT_RETURN_TYPE = YES_ERROR;
				GCC_WARN_UNDECLARED_SELECTOR = YES;
				GCC_WARN_UNINITIALIZED_AUTOS = YES_AGGRESSIVE;
				GCC_WARN_UNUSED_FUNCTION = YES;
				GCC_WARN_UNUSED_VARIABLE = YES;
				IPHONEOS_DEPLOYMENT_TARGET = 10.3;
				MTL_ENABLE_DEBUG_INFO = NO;
				SDKROOT = iphoneos;
				VALIDATE_PRODUCT = YES;
			};
			name = Release;
		};
		CC92EA281F0FE27E009D5CAF /* Debug */ = {
			isa = XCBuildConfiguration;
			buildSettings = {
				ASSETCATALOG_COMPILER_APPICON_NAME = AppIcon;
				DEVELOPMENT_TEAM = CCXM6688V9;
				INFOPLIST_FILE = TrainTVNavigationAndCustomCell/Info.plist;
				LD_RUNPATH_SEARCH_PATHS = "$(inherited) @executable_path/Frameworks";
				PRODUCT_BUNDLE_IDENTIFIER = com.yuramumryak.TrainTVNavigationAndCustomCell;
				PRODUCT_NAME = "$(TARGET_NAME)";
			};
			name = Debug;
		};
		CC92EA291F0FE27E009D5CAF /* Release */ = {
			isa = XCBuildConfiguration;
			buildSettings = {
				ASSETCATALOG_COMPILER_APPICON_NAME = AppIcon;
				DEVELOPMENT_TEAM = CCXM6688V9;
				INFOPLIST_FILE = TrainTVNavigationAndCustomCell/Info.plist;
				LD_RUNPATH_SEARCH_PATHS = "$(inherited) @executable_path/Frameworks";
				PRODUCT_BUNDLE_IDENTIFIER = com.yuramumryak.TrainTVNavigationAndCustomCell;
				PRODUCT_NAME = "$(TARGET_NAME)";
			};
			name = Release;
		};
/* End XCBuildConfiguration section */

/* Begin XCConfigurationList section */
		CC92EA0B1F0FE27D009D5CAF /* Build configuration list for PBXProject "TrainTVNavigationAndCustomCell" */ = {
			isa = XCConfigurationList;
			buildConfigurations = (
				CC92EA251F0FE27E009D5CAF /* Debug */,
				CC92EA261F0FE27E009D5CAF /* Release */,
			);
			defaultConfigurationIsVisible = 0;
			defaultConfigurationName = Release;
		};
		CC92EA271F0FE27E009D5CAF /* Build configuration list for PBXNativeTarget "TrainTVNavigationAndCustomCell" */ = {
			isa = XCConfigurationList;
			buildConfigurations = (
				CC92EA281F0FE27E009D5CAF /* Debug */,
				CC92EA291F0FE27E009D5CAF /* Release */,
			);
			defaultConfigurationIsVisible = 0;
		};
/* End XCConfigurationList section */
	};
	rootObject = CC92EA081F0FE27D009D5CAF /* Project object */;
}
